// !$*UTF8*$!
{
	archiveVersion = 1;
	classes = {
	};
	objectVersion = 50;
	objects = {

/* Begin PBXBuildFile section */
		3A0640ABEAACB0E8781EBDC4 /* Pods_raspi_alarm.framework in Frameworks */ = {isa = PBXBuildFile; fileRef = 0282A98CAD674BB2D5FE940A /* Pods_raspi_alarm.framework */; };
		9F2CE33921CF1DC8006BFF10 /* AppDelegate.swift in Sources */ = {isa = PBXBuildFile; fileRef = 9F2CE33821CF1DC8006BFF10 /* AppDelegate.swift */; };
		9F2CE33B21CF1DC8006BFF10 /* ViewController.swift in Sources */ = {isa = PBXBuildFile; fileRef = 9F2CE33A21CF1DC8006BFF10 /* ViewController.swift */; };
		9F2CE34021CF1DCB006BFF10 /* Assets.xcassets in Resources */ = {isa = PBXBuildFile; fileRef = 9F2CE33F21CF1DCB006BFF10 /* Assets.xcassets */; };
		9F2CE34321CF1DCB006BFF10 /* LaunchScreen.storyboard in Resources */ = {isa = PBXBuildFile; fileRef = 9F2CE34121CF1DCB006BFF10 /* LaunchScreen.storyboard */; };
		9F2CE34E21CF1DCB006BFF10 /* raspi_alarmTests.swift in Sources */ = {isa = PBXBuildFile; fileRef = 9F2CE34D21CF1DCB006BFF10 /* raspi_alarmTests.swift */; };
		9F2CE35921CF1DCB006BFF10 /* raspi_alarmUITests.swift in Sources */ = {isa = PBXBuildFile; fileRef = 9F2CE35821CF1DCB006BFF10 /* raspi_alarmUITests.swift */; };
		9F2CE36E21CF9DF7006BFF10 /* Networker.swift in Sources */ = {isa = PBXBuildFile; fileRef = 9F2CE36D21CF9DF7006BFF10 /* Networker.swift */; };
		9F712B8A21E19D3800A68D81 /* Colors.swift in Sources */ = {isa = PBXBuildFile; fileRef = 9F712B8921E19D3800A68D81 /* Colors.swift */; };
		9FA7408C2412FF18008EE222 /* main.swift in Sources */ = {isa = PBXBuildFile; fileRef = 9FA7408B2412FF18008EE222 /* main.swift */; };
		E134CAE2B6A5D572FD40D27A /* Pods_raspi_alarmTests.framework in Frameworks */ = {isa = PBXBuildFile; fileRef = 76D7F18AA4DFEDF1BA6EFCAF /* Pods_raspi_alarmTests.framework */; };
		F6B1F05725AD432530538DE3 /* Pods_raspi_alarmUITests.framework in Frameworks */ = {isa = PBXBuildFile; fileRef = 0F65F5ACBAAF917E5D457511 /* Pods_raspi_alarmUITests.framework */; };
/* End PBXBuildFile section */

/* Begin PBXContainerItemProxy section */
		9F2CE34A21CF1DCB006BFF10 /* PBXContainerItemProxy */ = {
			isa = PBXContainerItemProxy;
			containerPortal = 9F2CE32D21CF1DC8006BFF10 /* Project object */;
			proxyType = 1;
			remoteGlobalIDString = 9F2CE33421CF1DC8006BFF10;
			remoteInfo = "raspi-alarm";
		};
		9F2CE35521CF1DCB006BFF10 /* PBXContainerItemProxy */ = {
			isa = PBXContainerItemProxy;
			containerPortal = 9F2CE32D21CF1DC8006BFF10 /* Project object */;
			proxyType = 1;
			remoteGlobalIDString = 9F2CE33421CF1DC8006BFF10;
			remoteInfo = "raspi-alarm";
		};
/* End PBXContainerItemProxy section */

/* Begin PBXFileReference section */
		0282A98CAD674BB2D5FE940A /* Pods_raspi_alarm.framework */ = {isa = PBXFileReference; explicitFileType = wrapper.framework; includeInIndex = 0; path = Pods_raspi_alarm.framework; sourceTree = BUILT_PRODUCTS_DIR; };
		0F65F5ACBAAF917E5D457511 /* Pods_raspi_alarmUITests.framework */ = {isa = PBXFileReference; explicitFileType = wrapper.framework; includeInIndex = 0; path = Pods_raspi_alarmUITests.framework; sourceTree = BUILT_PRODUCTS_DIR; };
		3C805663FFD9433E95696044 /* Pods-raspi-alarmTests.release.xcconfig */ = {isa = PBXFileReference; includeInIndex = 1; lastKnownFileType = text.xcconfig; name = "Pods-raspi-alarmTests.release.xcconfig"; path = "Pods/Target Support Files/Pods-raspi-alarmTests/Pods-raspi-alarmTests.release.xcconfig"; sourceTree = "<group>"; };
		6A75D169B1AC9ECEBB8CDCFA /* Pods-raspi-alarmTests.debug.xcconfig */ = {isa = PBXFileReference; includeInIndex = 1; lastKnownFileType = text.xcconfig; name = "Pods-raspi-alarmTests.debug.xcconfig"; path = "Pods/Target Support Files/Pods-raspi-alarmTests/Pods-raspi-alarmTests.debug.xcconfig"; sourceTree = "<group>"; };
		76D7F18AA4DFEDF1BA6EFCAF /* Pods_raspi_alarmTests.framework */ = {isa = PBXFileReference; explicitFileType = wrapper.framework; includeInIndex = 0; path = Pods_raspi_alarmTests.framework; sourceTree = BUILT_PRODUCTS_DIR; };
		9F2CE33521CF1DC8006BFF10 /* raspi-alarm.app */ = {isa = PBXFileReference; explicitFileType = wrapper.application; includeInIndex = 0; path = "raspi-alarm.app"; sourceTree = BUILT_PRODUCTS_DIR; };
		9F2CE33821CF1DC8006BFF10 /* AppDelegate.swift */ = {isa = PBXFileReference; lastKnownFileType = sourcecode.swift; path = AppDelegate.swift; sourceTree = "<group>"; };
		9F2CE33A21CF1DC8006BFF10 /* ViewController.swift */ = {isa = PBXFileReference; lastKnownFileType = sourcecode.swift; path = ViewController.swift; sourceTree = "<group>"; };
		9F2CE33F21CF1DCB006BFF10 /* Assets.xcassets */ = {isa = PBXFileReference; lastKnownFileType = folder.assetcatalog; path = Assets.xcassets; sourceTree = "<group>"; };
		9F2CE34221CF1DCB006BFF10 /* Base */ = {isa = PBXFileReference; lastKnownFileType = file.storyboard; name = Base; path = Base.lproj/LaunchScreen.storyboard; sourceTree = "<group>"; };
		9F2CE34421CF1DCB006BFF10 /* Info.plist */ = {isa = PBXFileReference; lastKnownFileType = text.plist.xml; path = Info.plist; sourceTree = "<group>"; };
		9F2CE34921CF1DCB006BFF10 /* raspi-alarmTests.xctest */ = {isa = PBXFileReference; explicitFileType = wrapper.cfbundle; includeInIndex = 0; path = "raspi-alarmTests.xctest"; sourceTree = BUILT_PRODUCTS_DIR; };
		9F2CE34D21CF1DCB006BFF10 /* raspi_alarmTests.swift */ = {isa = PBXFileReference; lastKnownFileType = sourcecode.swift; path = raspi_alarmTests.swift; sourceTree = "<group>"; };
		9F2CE34F21CF1DCB006BFF10 /* Info.plist */ = {isa = PBXFileReference; lastKnownFileType = text.plist.xml; path = Info.plist; sourceTree = "<group>"; };
		9F2CE35421CF1DCB006BFF10 /* raspi-alarmUITests.xctest */ = {isa = PBXFileReference; explicitFileType = wrapper.cfbundle; includeInIndex = 0; path = "raspi-alarmUITests.xctest"; sourceTree = BUILT_PRODUCTS_DIR; };
		9F2CE35821CF1DCB006BFF10 /* raspi_alarmUITests.swift */ = {isa = PBXFileReference; lastKnownFileType = sourcecode.swift; path = raspi_alarmUITests.swift; sourceTree = "<group>"; };
		9F2CE35A21CF1DCB006BFF10 /* Info.plist */ = {isa = PBXFileReference; lastKnownFileType = text.plist.xml; path = Info.plist; sourceTree = "<group>"; };
		9F2CE36D21CF9DF7006BFF10 /* Networker.swift */ = {isa = PBXFileReference; lastKnownFileType = sourcecode.swift; path = Networker.swift; sourceTree = "<group>"; };
		9F712B8921E19D3800A68D81 /* Colors.swift */ = {isa = PBXFileReference; lastKnownFileType = sourcecode.swift; path = Colors.swift; sourceTree = "<group>"; };
		9FA7408B2412FF18008EE222 /* main.swift */ = {isa = PBXFileReference; lastKnownFileType = sourcecode.swift; path = main.swift; sourceTree = "<group>"; };
		BB164B01C7CA2DE955E096D9 /* Pods-raspi-alarm.debug.xcconfig */ = {isa = PBXFileReference; includeInIndex = 1; lastKnownFileType = text.xcconfig; name = "Pods-raspi-alarm.debug.xcconfig"; path = "Pods/Target Support Files/Pods-raspi-alarm/Pods-raspi-alarm.debug.xcconfig"; sourceTree = "<group>"; };
		CF59463F9045EBAA68453390 /* Pods-raspi-alarmUITests.release.xcconfig */ = {isa = PBXFileReference; includeInIndex = 1; lastKnownFileType = text.xcconfig; name = "Pods-raspi-alarmUITests.release.xcconfig"; path = "Pods/Target Support Files/Pods-raspi-alarmUITests/Pods-raspi-alarmUITests.release.xcconfig"; sourceTree = "<group>"; };
		EEEAF7193C047938560BAB52 /* Pods-raspi-alarmUITests.debug.xcconfig */ = {isa = PBXFileReference; includeInIndex = 1; lastKnownFileType = text.xcconfig; name = "Pods-raspi-alarmUITests.debug.xcconfig"; path = "Pods/Target Support Files/Pods-raspi-alarmUITests/Pods-raspi-alarmUITests.debug.xcconfig"; sourceTree = "<group>"; };
		FD997FECCA46E41F035D0DE9 /* Pods-raspi-alarm.release.xcconfig */ = {isa = PBXFileReference; includeInIndex = 1; lastKnownFileType = text.xcconfig; name = "Pods-raspi-alarm.release.xcconfig"; path = "Pods/Target Support Files/Pods-raspi-alarm/Pods-raspi-alarm.release.xcconfig"; sourceTree = "<group>"; };
/* End PBXFileReference section */

/* Begin PBXFrameworksBuildPhase section */
		9F2CE33221CF1DC8006BFF10 /* Frameworks */ = {
			isa = PBXFrameworksBuildPhase;
			buildActionMask = 2147483647;
			files = (
				3A0640ABEAACB0E8781EBDC4 /* Pods_raspi_alarm.framework in Frameworks */,
			);
			runOnlyForDeploymentPostprocessing = 0;
		};
		9F2CE34621CF1DCB006BFF10 /* Frameworks */ = {
			isa = PBXFrameworksBuildPhase;
			buildActionMask = 2147483647;
			files = (
				E134CAE2B6A5D572FD40D27A /* Pods_raspi_alarmTests.framework in Frameworks */,
			);
			runOnlyForDeploymentPostprocessing = 0;
		};
		9F2CE35121CF1DCB006BFF10 /* Frameworks */ = {
			isa = PBXFrameworksBuildPhase;
			buildActionMask = 2147483647;
			files = (
				F6B1F05725AD432530538DE3 /* Pods_raspi_alarmUITests.framework in Frameworks */,
			);
			runOnlyForDeploymentPostprocessing = 0;
		};
/* End PBXFrameworksBuildPhase section */

/* Begin PBXGroup section */
		9F2CE32C21CF1DC8006BFF10 = {
			isa = PBXGroup;
			children = (
				9F2CE33721CF1DC8006BFF10 /* raspi-alarm */,
				9F2CE34C21CF1DCB006BFF10 /* raspi-alarmTests */,
				9F2CE35721CF1DCB006BFF10 /* raspi-alarmUITests */,
				9F2CE33621CF1DC8006BFF10 /* Products */,
				D004A673792AF996C2149C53 /* Pods */,
				D2689EFED839530B39DC610F /* Frameworks */,
			);
			sourceTree = "<group>";
		};
		9F2CE33621CF1DC8006BFF10 /* Products */ = {
			isa = PBXGroup;
			children = (
				9F2CE33521CF1DC8006BFF10 /* raspi-alarm.app */,
				9F2CE34921CF1DCB006BFF10 /* raspi-alarmTests.xctest */,
				9F2CE35421CF1DCB006BFF10 /* raspi-alarmUITests.xctest */,
			);
			name = Products;
			sourceTree = "<group>";
		};
		9F2CE33721CF1DC8006BFF10 /* raspi-alarm */ = {
			isa = PBXGroup;
			children = (
				9F2CE33821CF1DC8006BFF10 /* AppDelegate.swift */,
				9FA7408B2412FF18008EE222 /* main.swift */,
				9F2CE33A21CF1DC8006BFF10 /* ViewController.swift */,
				9FA7408A2412F5D5008EE222 /* Sources */,
				9F2CE33F21CF1DCB006BFF10 /* Assets.xcassets */,
				9F2CE34121CF1DCB006BFF10 /* LaunchScreen.storyboard */,
				9F2CE34421CF1DCB006BFF10 /* Info.plist */,
			);
			path = "raspi-alarm";
			sourceTree = "<group>";
		};
		9F2CE34C21CF1DCB006BFF10 /* raspi-alarmTests */ = {
			isa = PBXGroup;
			children = (
				9F2CE34D21CF1DCB006BFF10 /* raspi_alarmTests.swift */,
				9F2CE34F21CF1DCB006BFF10 /* Info.plist */,
			);
			path = "raspi-alarmTests";
			sourceTree = "<group>";
		};
		9F2CE35721CF1DCB006BFF10 /* raspi-alarmUITests */ = {
			isa = PBXGroup;
			children = (
				9F2CE35821CF1DCB006BFF10 /* raspi_alarmUITests.swift */,
				9F2CE35A21CF1DCB006BFF10 /* Info.plist */,
			);
			path = "raspi-alarmUITests";
			sourceTree = "<group>";
		};
		9FA7408A2412F5D5008EE222 /* Sources */ = {
			isa = PBXGroup;
			children = (
				9F712B8921E19D3800A68D81 /* Colors.swift */,
				9F2CE36D21CF9DF7006BFF10 /* Networker.swift */,
			);
			name = Sources;
			sourceTree = "<group>";
		};
		D004A673792AF996C2149C53 /* Pods */ = {
			isa = PBXGroup;
			children = (
				BB164B01C7CA2DE955E096D9 /* Pods-raspi-alarm.debug.xcconfig */,
				FD997FECCA46E41F035D0DE9 /* Pods-raspi-alarm.release.xcconfig */,
				6A75D169B1AC9ECEBB8CDCFA /* Pods-raspi-alarmTests.debug.xcconfig */,
				3C805663FFD9433E95696044 /* Pods-raspi-alarmTests.release.xcconfig */,
				EEEAF7193C047938560BAB52 /* Pods-raspi-alarmUITests.debug.xcconfig */,
				CF59463F9045EBAA68453390 /* Pods-raspi-alarmUITests.release.xcconfig */,
			);
			name = Pods;
			sourceTree = "<group>";
		};
		D2689EFED839530B39DC610F /* Frameworks */ = {
			isa = PBXGroup;
			children = (
				0282A98CAD674BB2D5FE940A /* Pods_raspi_alarm.framework */,
				76D7F18AA4DFEDF1BA6EFCAF /* Pods_raspi_alarmTests.framework */,
				0F65F5ACBAAF917E5D457511 /* Pods_raspi_alarmUITests.framework */,
			);
			name = Frameworks;
			sourceTree = "<group>";
		};
/* End PBXGroup section */

/* Begin PBXNativeTarget section */
		9F2CE33421CF1DC8006BFF10 /* raspi-alarm */ = {
			isa = PBXNativeTarget;
			buildConfigurationList = 9F2CE35D21CF1DCB006BFF10 /* Build configuration list for PBXNativeTarget "raspi-alarm" */;
			buildPhases = (
				7C701BD392AB968CBEDAAFCC /* [CP] Check Pods Manifest.lock */,
				9F2CE33121CF1DC8006BFF10 /* Sources */,
				9F2CE33221CF1DC8006BFF10 /* Frameworks */,
				9F2CE33321CF1DC8006BFF10 /* Resources */,
				28D5EFF1D8BA7FBF31D870BC /* [CP] Embed Pods Frameworks */,
			);
			buildRules = (
			);
			dependencies = (
			);
			name = "raspi-alarm";
			productName = "raspi-alarm";
			productReference = 9F2CE33521CF1DC8006BFF10 /* raspi-alarm.app */;
			productType = "com.apple.product-type.application";
		};
		9F2CE34821CF1DCB006BFF10 /* raspi-alarmTests */ = {
			isa = PBXNativeTarget;
			buildConfigurationList = 9F2CE36021CF1DCB006BFF10 /* Build configuration list for PBXNativeTarget "raspi-alarmTests" */;
			buildPhases = (
				2CAACCCE9F1D8ED88AC39EA3 /* [CP] Check Pods Manifest.lock */,
				9F2CE34521CF1DCB006BFF10 /* Sources */,
				9F2CE34621CF1DCB006BFF10 /* Frameworks */,
				9F2CE34721CF1DCB006BFF10 /* Resources */,
			);
			buildRules = (
			);
			dependencies = (
				9F2CE34B21CF1DCB006BFF10 /* PBXTargetDependency */,
			);
			name = "raspi-alarmTests";
			productName = "raspi-alarmTests";
			productReference = 9F2CE34921CF1DCB006BFF10 /* raspi-alarmTests.xctest */;
			productType = "com.apple.product-type.bundle.unit-test";
		};
		9F2CE35321CF1DCB006BFF10 /* raspi-alarmUITests */ = {
			isa = PBXNativeTarget;
			buildConfigurationList = 9F2CE36321CF1DCB006BFF10 /* Build configuration list for PBXNativeTarget "raspi-alarmUITests" */;
			buildPhases = (
				128649949FF63A4362838649 /* [CP] Check Pods Manifest.lock */,
				9F2CE35021CF1DCB006BFF10 /* Sources */,
				9F2CE35121CF1DCB006BFF10 /* Frameworks */,
				9F2CE35221CF1DCB006BFF10 /* Resources */,
			);
			buildRules = (
			);
			dependencies = (
				9F2CE35621CF1DCB006BFF10 /* PBXTargetDependency */,
			);
			name = "raspi-alarmUITests";
			productName = "raspi-alarmUITests";
			productReference = 9F2CE35421CF1DCB006BFF10 /* raspi-alarmUITests.xctest */;
			productType = "com.apple.product-type.bundle.ui-testing";
		};
/* End PBXNativeTarget section */

/* Begin PBXProject section */
		9F2CE32D21CF1DC8006BFF10 /* Project object */ = {
			isa = PBXProject;
			attributes = {
				LastSwiftUpdateCheck = 1010;
				LastUpgradeCheck = 1010;
				ORGANIZATIONNAME = "Janek Szynal";
				TargetAttributes = {
					9F2CE33421CF1DC8006BFF10 = {
						CreatedOnToolsVersion = 10.1;
					};
					9F2CE34821CF1DCB006BFF10 = {
						CreatedOnToolsVersion = 10.1;
						TestTargetID = 9F2CE33421CF1DC8006BFF10;
					};
					9F2CE35321CF1DCB006BFF10 = {
						CreatedOnToolsVersion = 10.1;
						TestTargetID = 9F2CE33421CF1DC8006BFF10;
					};
				};
			};
			buildConfigurationList = 9F2CE33021CF1DC8006BFF10 /* Build configuration list for PBXProject "raspi-alarm" */;
			compatibilityVersion = "Xcode 9.3";
			developmentRegion = en;
			hasScannedForEncodings = 0;
			knownRegions = (
				en,
				Base,
			);
			mainGroup = 9F2CE32C21CF1DC8006BFF10;
			productRefGroup = 9F2CE33621CF1DC8006BFF10 /* Products */;
			projectDirPath = "";
			projectRoot = "";
			targets = (
				9F2CE33421CF1DC8006BFF10 /* raspi-alarm */,
				9F2CE34821CF1DCB006BFF10 /* raspi-alarmTests */,
				9F2CE35321CF1DCB006BFF10 /* raspi-alarmUITests */,
			);
		};
/* End PBXProject section */

/* Begin PBXResourcesBuildPhase section */
		9F2CE33321CF1DC8006BFF10 /* Resources */ = {
			isa = PBXResourcesBuildPhase;
			buildActionMask = 2147483647;
			files = (
				9F2CE34321CF1DCB006BFF10 /* LaunchScreen.storyboard in Resources */,
				9F2CE34021CF1DCB006BFF10 /* Assets.xcassets in Resources */,
			);
			runOnlyForDeploymentPostprocessing = 0;
		};
		9F2CE34721CF1DCB006BFF10 /* Resources */ = {
			isa = PBXResourcesBuildPhase;
			buildActionMask = 2147483647;
			files = (
			);
			runOnlyForDeploymentPostprocessing = 0;
		};
		9F2CE35221CF1DCB006BFF10 /* Resources */ = {
			isa = PBXResourcesBuildPhase;
			buildActionMask = 2147483647;
			files = (
			);
			runOnlyForDeploymentPostprocessing = 0;
		};
/* End PBXResourcesBuildPhase section */

/* Begin PBXShellScriptBuildPhase section */
		128649949FF63A4362838649 /* [CP] Check Pods Manifest.lock */ = {
			isa = PBXShellScriptBuildPhase;
			buildActionMask = 2147483647;
			files = (
			);
			inputPaths = (
				"${PODS_PODFILE_DIR_PATH}/Podfile.lock",
				"${PODS_ROOT}/Manifest.lock",
			);
			name = "[CP] Check Pods Manifest.lock";
			outputPaths = (
				"$(DERIVED_FILE_DIR)/Pods-raspi-alarmUITests-checkManifestLockResult.txt",
			);
			runOnlyForDeploymentPostprocessing = 0;
			shellPath = /bin/sh;
			shellScript = "diff \"${PODS_PODFILE_DIR_PATH}/Podfile.lock\" \"${PODS_ROOT}/Manifest.lock\" > /dev/null\nif [ $? != 0 ] ; then\n    # print error to STDERR\n    echo \"error: The sandbox is not in sync with the Podfile.lock. Run 'pod install' or update your CocoaPods installation.\" >&2\n    exit 1\nfi\n# This output is used by Xcode 'outputs' to avoid re-running this script phase.\necho \"SUCCESS\" > \"${SCRIPT_OUTPUT_FILE_0}\"\n";
			showEnvVarsInLog = 0;
		};
		28D5EFF1D8BA7FBF31D870BC /* [CP] Embed Pods Frameworks */ = {
			isa = PBXShellScriptBuildPhase;
			buildActionMask = 2147483647;
			files = (
			);
			inputPaths = (
				"${SRCROOT}/Pods/Target Support Files/Pods-raspi-alarm/Pods-raspi-alarm-frameworks.sh",
				"${BUILT_PRODUCTS_DIR}/Alamofire/Alamofire.framework",
			);
			name = "[CP] Embed Pods Frameworks";
			outputPaths = (
				"${TARGET_BUILD_DIR}/${FRAMEWORKS_FOLDER_PATH}/Alamofire.framework",
			);
			runOnlyForDeploymentPostprocessing = 0;
			shellPath = /bin/sh;
			shellScript = "\"${SRCROOT}/Pods/Target Support Files/Pods-raspi-alarm/Pods-raspi-alarm-frameworks.sh\"\n";
			showEnvVarsInLog = 0;
		};
		2CAACCCE9F1D8ED88AC39EA3 /* [CP] Check Pods Manifest.lock */ = {
			isa = PBXShellScriptBuildPhase;
			buildActionMask = 2147483647;
			files = (
			);
			inputPaths = (
				"${PODS_PODFILE_DIR_PATH}/Podfile.lock",
				"${PODS_ROOT}/Manifest.lock",
			);
			name = "[CP] Check Pods Manifest.lock";
			outputPaths = (
				"$(DERIVED_FILE_DIR)/Pods-raspi-alarmTests-checkManifestLockResult.txt",
			);
			runOnlyForDeploymentPostprocessing = 0;
			shellPath = /bin/sh;
			shellScript = "diff \"${PODS_PODFILE_DIR_PATH}/Podfile.lock\" \"${PODS_ROOT}/Manifest.lock\" > /dev/null\nif [ $? != 0 ] ; then\n    # print error to STDERR\n    echo \"error: The sandbox is not in sync with the Podfile.lock. Run 'pod install' or update your CocoaPods installation.\" >&2\n    exit 1\nfi\n# This output is used by Xcode 'outputs' to avoid re-running this script phase.\necho \"SUCCESS\" > \"${SCRIPT_OUTPUT_FILE_0}\"\n";
			showEnvVarsInLog = 0;
		};
		7C701BD392AB968CBEDAAFCC /* [CP] Check Pods Manifest.lock */ = {
			isa = PBXShellScriptBuildPhase;
			buildActionMask = 2147483647;
			files = (
			);
			inputPaths = (
				"${PODS_PODFILE_DIR_PATH}/Podfile.lock",
				"${PODS_ROOT}/Manifest.lock",
			);
			name = "[CP] Check Pods Manifest.lock";
			outputPaths = (
				"$(DERIVED_FILE_DIR)/Pods-raspi-alarm-checkManifestLockResult.txt",
			);
			runOnlyForDeploymentPostprocessing = 0;
			shellPath = /bin/sh;
			shellScript = "diff \"${PODS_PODFILE_DIR_PATH}/Podfile.lock\" \"${PODS_ROOT}/Manifest.lock\" > /dev/null\nif [ $? != 0 ] ; then\n    # print error to STDERR\n    echo \"error: The sandbox is not in sync with the Podfile.lock. Run 'pod install' or update your CocoaPods installation.\" >&2\n    exit 1\nfi\n# This output is used by Xcode 'outputs' to avoid re-running this script phase.\necho \"SUCCESS\" > \"${SCRIPT_OUTPUT_FILE_0}\"\n";
			showEnvVarsInLog = 0;
		};
/* End PBXShellScriptBuildPhase section */

/* Begin PBXSourcesBuildPhase section */
		9F2CE33121CF1DC8006BFF10 /* Sources */ = {
			isa = PBXSourcesBuildPhase;
			buildActionMask = 2147483647;
			files = (
				9F2CE33B21CF1DC8006BFF10 /* ViewController.swift in Sources */,
				9FA7408C2412FF18008EE222 /* main.swift in Sources */,
				9F712B8A21E19D3800A68D81 /* Colors.swift in Sources */,
				9F2CE33921CF1DC8006BFF10 /* AppDelegate.swift in Sources */,
				9F2CE36E21CF9DF7006BFF10 /* Networker.swift in Sources */,
			);
			runOnlyForDeploymentPostprocessing = 0;
		};
		9F2CE34521CF1DCB006BFF10 /* Sources */ = {
			isa = PBXSourcesBuildPhase;
			buildActionMask = 2147483647;
			files = (
				9F2CE34E21CF1DCB006BFF10 /* raspi_alarmTests.swift in Sources */,
			);
			runOnlyForDeploymentPostprocessing = 0;
		};
		9F2CE35021CF1DCB006BFF10 /* Sources */ = {
			isa = PBXSourcesBuildPhase;
			buildActionMask = 2147483647;
			files = (
				9F2CE35921CF1DCB006BFF10 /* raspi_alarmUITests.swift in Sources */,
			);
			runOnlyForDeploymentPostprocessing = 0;
		};
/* End PBXSourcesBuildPhase section */

/* Begin PBXTargetDependency section */
		9F2CE34B21CF1DCB006BFF10 /* PBXTargetDependency */ = {
			isa = PBXTargetDependency;
			target = 9F2CE33421CF1DC8006BFF10 /* raspi-alarm */;
			targetProxy = 9F2CE34A21CF1DCB006BFF10 /* PBXContainerItemProxy */;
		};
		9F2CE35621CF1DCB006BFF10 /* PBXTargetDependency */ = {
			isa = PBXTargetDependency;
			target = 9F2CE33421CF1DC8006BFF10 /* raspi-alarm */;
			targetProxy = 9F2CE35521CF1DCB006BFF10 /* PBXContainerItemProxy */;
		};
/* End PBXTargetDependency section */

/* Begin PBXVariantGroup section */
		9F2CE34121CF1DCB006BFF10 /* LaunchScreen.storyboard */ = {
			isa = PBXVariantGroup;
			children = (
				9F2CE34221CF1DCB006BFF10 /* Base */,
			);
			name = LaunchScreen.storyboard;
			sourceTree = "<group>";
		};
/* End PBXVariantGroup section */

/* Begin XCBuildConfiguration section */
		9F2CE35B21CF1DCB006BFF10 /* Debug */ = {
			isa = XCBuildConfiguration;
			buildSettings = {
				ALWAYS_SEARCH_USER_PATHS = NO;
				CLANG_ANALYZER_NONNULL = YES;
				CLANG_ANALYZER_NUMBER_OBJECT_CONVERSION = YES_AGGRESSIVE;
				CLANG_CXX_LANGUAGE_STANDARD = "gnu++14";
				CLANG_CXX_LIBRARY = "libc++";
				CLANG_ENABLE_MODULES = YES;
				CLANG_ENABLE_OBJC_ARC = YES;
				CLANG_ENABLE_OBJC_WEAK = YES;
				CLANG_WARN_BLOCK_CAPTURE_AUTORELEASING = YES;
				CLANG_WARN_BOOL_CONVERSION = YES;
				CLANG_WARN_COMMA = YES;
				CLANG_WARN_CONSTANT_CONVERSION = YES;
				CLANG_WARN_DEPRECATED_OBJC_IMPLEMENTATIONS = YES;
				CLANG_WARN_DIRECT_OBJC_ISA_USAGE = YES_ERROR;
				CLANG_WARN_DOCUMENTATION_COMMENTS = YES;
				CLANG_WARN_EMPTY_BODY = YES;
				CLANG_WARN_ENUM_CONVERSION = YES;
				CLANG_WARN_INFINITE_RECURSION = YES;
				CLANG_WARN_INT_CONVERSION = YES;
				CLANG_WARN_NON_LITERAL_NULL_CONVERSION = YES;
				CLANG_WARN_OBJC_IMPLICIT_RETAIN_SELF = YES;
				CLANG_WARN_OBJC_LITERAL_CONVERSION = YES;
				CLANG_WARN_OBJC_ROOT_CLASS = YES_ERROR;
				CLANG_WARN_RANGE_LOOP_ANALYSIS = YES;
				CLANG_WARN_STRICT_PROTOTYPES = YES;
				CLANG_WARN_SUSPICIOUS_MOVE = YES;
				CLANG_WARN_UNGUARDED_AVAILABILITY = YES_AGGRESSIVE;
				CLANG_WARN_UNREACHABLE_CODE = YES;
				CLANG_WARN__DUPLICATE_METHOD_MATCH = YES;
				CODE_SIGN_IDENTITY = "iPhone Developer";
				COPY_PHASE_STRIP = NO;
				DEBUG_INFORMATION_FORMAT = dwarf;
				ENABLE_STRICT_OBJC_MSGSEND = YES;
				ENABLE_TESTABILITY = YES;
				GCC_C_LANGUAGE_STANDARD = gnu11;
				GCC_DYNAMIC_NO_PIC = NO;
				GCC_NO_COMMON_BLOCKS = YES;
				GCC_OPTIMIZATION_LEVEL = 0;
				GCC_PREPROCESSOR_DEFINITIONS = (
					"DEBUG=1",
					"$(inherited)",
				);
				GCC_WARN_64_TO_32_BIT_CONVERSION = YES;
				GCC_WARN_ABOUT_RETURN_TYPE = YES_ERROR;
				GCC_WARN_UNDECLARED_SELECTOR = YES;
				GCC_WARN_UNINITIALIZED_AUTOS = YES_AGGRESSIVE;
				GCC_WARN_UNUSED_FUNCTION = YES;
				GCC_WARN_UNUSED_VARIABLE = YES;
				IPHONEOS_DEPLOYMENT_TARGET = 12.1;
				MTL_ENABLE_DEBUG_INFO = INCLUDE_SOURCE;
				MTL_FAST_MATH = YES;
				ONLY_ACTIVE_ARCH = YES;
				SDKROOT = iphoneos;
				SWIFT_ACTIVE_COMPILATION_CONDITIONS = DEBUG;
				SWIFT_OPTIMIZATION_LEVEL = "-Onone";
			};
			name = Debug;
		};
		9F2CE35C21CF1DCB006BFF10 /* Release */ = {
			isa = XCBuildConfiguration;
			buildSettings = {
				ALWAYS_SEARCH_USER_PATHS = NO;
				CLANG_ANALYZER_NONNULL = YES;
				CLANG_ANALYZER_NUMBER_OBJECT_CONVERSION = YES_AGGRESSIVE;
				CLANG_CXX_LANGUAGE_STANDARD = "gnu++14";
				CLANG_CXX_LIBRARY = "libc++";
				CLANG_ENABLE_MODULES = YES;
				CLANG_ENABLE_OBJC_ARC = YES;
				CLANG_ENABLE_OBJC_WEAK = YES;
				CLANG_WARN_BLOCK_CAPTURE_AUTORELEASING = YES;
				CLANG_WARN_BOOL_CONVERSION = YES;
				CLANG_WARN_COMMA = YES;
				CLANG_WARN_CONSTANT_CONVERSION = YES;
				CLANG_WARN_DEPRECATED_OBJC_IMPLEMENTATIONS = YES;
				CLANG_WARN_DIRECT_OBJC_ISA_USAGE = YES_ERROR;
				CLANG_WARN_DOCUMENTATION_COMMENTS = YES;
				CLANG_WARN_EMPTY_BODY = YES;
				CLANG_WARN_ENUM_CONVERSION = YES;
				CLANG_WARN_INFINITE_RECURSION = YES;
				CLANG_WARN_INT_CONVERSION = YES;
				CLANG_WARN_NON_LITERAL_NULL_CONVERSION = YES;
				CLANG_WARN_OBJC_IMPLICIT_RETAIN_SELF = YES;
				CLANG_WARN_OBJC_LITERAL_CONVERSION = YES;
				CLANG_WARN_OBJC_ROOT_CLASS = YES_ERROR;
				CLANG_WARN_RANGE_LOOP_ANALYSIS = YES;
				CLANG_WARN_STRICT_PROTOTYPES = YES;
				CLANG_WARN_SUSPICIOUS_MOVE = YES;
				CLANG_WARN_UNGUARDED_AVAILABILITY = YES_AGGRESSIVE;
				CLANG_WARN_UNREACHABLE_CODE = YES;
				CLANG_WARN__DUPLICATE_METHOD_MATCH = YES;
				CODE_SIGN_IDENTITY = "iPhone Developer";
				COPY_PHASE_STRIP = NO;
				DEBUG_INFORMATION_FORMAT = "dwarf-with-dsym";
				ENABLE_NS_ASSERTIONS = NO;
				ENABLE_STRICT_OBJC_MSGSEND = YES;
				GCC_C_LANGUAGE_STANDARD = gnu11;
				GCC_NO_COMMON_BLOCKS = YES;
				GCC_WARN_64_TO_32_BIT_CONVERSION = YES;
				GCC_WARN_ABOUT_RETURN_TYPE = YES_ERROR;
				GCC_WARN_UNDECLARED_SELECTOR = YES;
				GCC_WARN_UNINITIALIZED_AUTOS = YES_AGGRESSIVE;
				GCC_WARN_UNUSED_FUNCTION = YES;
				GCC_WARN_UNUSED_VARIABLE = YES;
				IPHONEOS_DEPLOYMENT_TARGET = 12.1;
				MTL_ENABLE_DEBUG_INFO = NO;
				MTL_FAST_MATH = YES;
				SDKROOT = iphoneos;
				SWIFT_COMPILATION_MODE = wholemodule;
				SWIFT_OPTIMIZATION_LEVEL = "-O";
				VALIDATE_PRODUCT = YES;
			};
			name = Release;
		};
		9F2CE35E21CF1DCB006BFF10 /* Debug */ = {
			isa = XCBuildConfiguration;
			baseConfigurationReference = BB164B01C7CA2DE955E096D9 /* Pods-raspi-alarm.debug.xcconfig */;
			buildSettings = {
				ASSETCATALOG_COMPILER_APPICON_NAME = AppIcon;
				CODE_SIGN_STYLE = Automatic;
				DEVELOPMENT_TEAM = ACDRGW6CP2;
				INFOPLIST_FILE = "raspi-alarm/Info.plist";
				LD_RUNPATH_SEARCH_PATHS = (
					"$(inherited)",
					"@executable_path/Frameworks",
				);
				PRODUCT_BUNDLE_IDENTIFIER = "com.janek.raspi-alarm";
				PRODUCT_NAME = "raspi-alarm";
				SWIFT_VERSION = 4.2;
				TARGETED_DEVICE_FAMILY = "1,2";
			};
			name = Debug;
		};
		9F2CE35F21CF1DCB006BFF10 /* Release */ = {
			isa = XCBuildConfiguration;
			baseConfigurationReference = FD997FECCA46E41F035D0DE9 /* Pods-raspi-alarm.release.xcconfig */;
			buildSettings = {
				ASSETCATALOG_COMPILER_APPICON_NAME = AppIcon;
				CODE_SIGN_STYLE = Automatic;
				DEVELOPMENT_TEAM = ACDRGW6CP2;
				INFOPLIST_FILE = "raspi-alarm/Info.plist";
				LD_RUNPATH_SEARCH_PATHS = (
					"$(inherited)",
					"@executable_path/Frameworks",
				);
				PRODUCT_BUNDLE_IDENTIFIER = "com.janek.raspi-alarm";
				PRODUCT_NAME = "raspi-alarm";
				SWIFT_VERSION = 4.2;
				TARGETED_DEVICE_FAMILY = "1,2";
			};
			name = Release;
		};
		9F2CE36121CF1DCB006BFF10 /* Debug */ = {
			isa = XCBuildConfiguration;
			baseConfigurationReference = 6A75D169B1AC9ECEBB8CDCFA /* Pods-raspi-alarmTests.debug.xcconfig */;
			buildSettings = {
				ALWAYS_EMBED_SWIFT_STANDARD_LIBRARIES = YES;
				BUNDLE_LOADER = "$(TEST_HOST)";
				CODE_SIGN_STYLE = Automatic;
				DEVELOPMENT_TEAM = ACDRGW6CP2;
				INFOPLIST_FILE = "raspi-alarmTests/Info.plist";
				LD_RUNPATH_SEARCH_PATHS = (
					"$(inherited)",
					"@executable_path/Frameworks",
					"@loader_path/Frameworks",
				);
				PRODUCT_BUNDLE_IDENTIFIER = "com.janek.raspi-alarmTests";
				PRODUCT_NAME = "$(TARGET_NAME)";
				SWIFT_VERSION = 4.2;
				TARGETED_DEVICE_FAMILY = "1,2";
				TEST_HOST = "$(BUILT_PRODUCTS_DIR)/raspi-alarm.app/raspi-alarm";
			};
			name = Debug;
		};
		9F2CE36221CF1DCB006BFF10 /* Release */ = {
			isa = XCBuildConfiguration;
			baseConfigurationReference = 3C805663FFD9433E95696044 /* Pods-raspi-alarmTests.release.xcconfig */;
			buildSettings = {
				ALWAYS_EMBED_SWIFT_STANDARD_LIBRARIES = YES;
				BUNDLE_LOADER = "$(TEST_HOST)";
				CODE_SIGN_STYLE = Automatic;
				DEVELOPMENT_TEAM = ACDRGW6CP2;
				INFOPLIST_FILE = "raspi-alarmTests/Info.plist";
				LD_RUNPATH_SEARCH_PATHS = (
					"$(inherited)",
					"@executable_path/Frameworks",
					"@loader_path/Frameworks",
				);
				PRODUCT_BUNDLE_IDENTIFIER = "com.janek.raspi-alarmTests";
				PRODUCT_NAME = "$(TARGET_NAME)";
				SWIFT_VERSION = 4.2;
				TARGETED_DEVICE_FAMILY = "1,2";
				TEST_HOST = "$(BUILT_PRODUCTS_DIR)/raspi-alarm.app/raspi-alarm";
			};
			name = Release;
		};
		9F2CE36421CF1DCB006BFF10 /* Debug */ = {
			isa = XCBuildConfiguration;
			baseConfigurationReference = EEEAF7193C047938560BAB52 /* Pods-raspi-alarmUITests.debug.xcconfig */;
			buildSettings = {
				ALWAYS_EMBED_SWIFT_STANDARD_LIBRARIES = YES;
				CODE_SIGN_STYLE = Automatic;
				DEVELOPMENT_TEAM = ACDRGW6CP2;
				INFOPLIST_FILE = "raspi-alarmUITests/Info.plist";
				LD_RUNPATH_SEARCH_PATHS = (
					"$(inherited)",
					"@executable_path/Frameworks",
					"@loader_path/Frameworks",
				);
				PRODUCT_BUNDLE_IDENTIFIER = "com.janek.raspi-alarmUITests";
				PRODUCT_NAME = "$(TARGET_NAME)";
				SWIFT_VERSION = 4.2;
				TARGETED_DEVICE_FAMILY = "1,2";
				TEST_TARGET_NAME = "raspi-alarm";
			};
			name = Debug;
		};
		9F2CE36521CF1DCB006BFF10 /* Release */ = {
			isa = XCBuildConfiguration;
			baseConfigurationReference = CF59463F9045EBAA68453390 /* Pods-raspi-alarmUITests.release.xcconfig */;
			buildSettings = {
				ALWAYS_EMBED_SWIFT_STANDARD_LIBRARIES = YES;
				CODE_SIGN_STYLE = Automatic;
				DEVELOPMENT_TEAM = ACDRGW6CP2;
				INFOPLIST_FILE = "raspi-alarmUITests/Info.plist";
				LD_RUNPATH_SEARCH_PATHS = (
					"$(inherited)",
					"@executable_path/Frameworks",
					"@loader_path/Frameworks",
				);
				PRODUCT_BUNDLE_IDENTIFIER = "com.janek.raspi-alarmUITests";
				PRODUCT_NAME = "$(TARGET_NAME)";
				SWIFT_VERSION = 4.2;
				TARGETED_DEVICE_FAMILY = "1,2";
				TEST_TARGET_NAME = "raspi-alarm";
			};
			name = Release;
		};
/* End XCBuildConfiguration section */

/* Begin XCConfigurationList section */
		9F2CE33021CF1DC8006BFF10 /* Build configuration list for PBXProject "raspi-alarm" */ = {
			isa = XCConfigurationList;
			buildConfigurations = (
				9F2CE35B21CF1DCB006BFF10 /* Debug */,
				9F2CE35C21CF1DCB006BFF10 /* Release */,
			);
			defaultConfigurationIsVisible = 0;
			defaultConfigurationName = Release;
		};
		9F2CE35D21CF1DCB006BFF10 /* Build configuration list for PBXNativeTarget "raspi-alarm" */ = {
			isa = XCConfigurationList;
			buildConfigurations = (
				9F2CE35E21CF1DCB006BFF10 /* Debug */,
				9F2CE35F21CF1DCB006BFF10 /* Release */,
			);
			defaultConfigurationIsVisible = 0;
			defaultConfigurationName = Release;
		};
		9F2CE36021CF1DCB006BFF10 /* Build configuration list for PBXNativeTarget "raspi-alarmTests" */ = {
			isa = XCConfigurationList;
			buildConfigurations = (
				9F2CE36121CF1DCB006BFF10 /* Debug */,
				9F2CE36221CF1DCB006BFF10 /* Release */,
			);
			defaultConfigurationIsVisible = 0;
			defaultConfigurationName = Release;
		};
		9F2CE36321CF1DCB006BFF10 /* Build configuration list for PBXNativeTarget "raspi-alarmUITests" */ = {
			isa = XCConfigurationList;
			buildConfigurations = (
				9F2CE36421CF1DCB006BFF10 /* Debug */,
				9F2CE36521CF1DCB006BFF10 /* Release */,
			);
			defaultConfigurationIsVisible = 0;
			defaultConfigurationName = Release;
		};
/* End XCConfigurationList section */
	};
	rootObject = 9F2CE32D21CF1DC8006BFF10 /* Project object */;
}
